<?xml version="1.0" encoding="utf-8"?>
<Project ToolsVersion="4.0" xmlns="http://schemas.microsoft.com/developer/msbuild/2003">
  <ItemGroup>
    <ClInclude Include="ImageMng.h">
      <Filter>h</Filter>
    </ClInclude>
    <ClInclude Include="VECTOR2.h">
      <Filter>h</Filter>
    </ClInclude>
    <ClInclude Include="main.h">
      <Filter>h</Filter>
    </ClInclude>
    <ClInclude Include="MouseCtl.h">
      <Filter>h</Filter>
    </ClInclude>
    <ClInclude Include="DICE1.h" />
    <ClInclude Include="DICE2.h" />
    <ClInclude Include="DICE3.h" />
    <ClInclude Include="DiceBlock.h" />
    <ClInclude Include="Dice6.h" />
    <ClInclude Include="Dice4.h" />
    <ClInclude Include="Dice5.h" />
  </ItemGroup>
  <ItemGroup>
    <Filter Include="cpp">
      <UniqueIdentifier>{23e1ebe3-4783-475a-b4b6-9ec7c36068ce}</UniqueIdentifier>
    </Filter>
    <Filter Include="h">
      <UniqueIdentifier>{459e85df-f34c-40ab-897a-26a515ce0812}</UniqueIdentifier>
    </Filter>
  </ItemGroup>
  <ItemGroup>
    <ClCompile Include="main.cpp">
      <Filter>cpp</Filter>
    </ClCompile>
    <ClCompile Include="ImageMng.cpp">
      <Filter>cpp</Filter>
    </ClCompile>
    <ClCompile Include="VECTOR2.cpp">
      <Filter>cpp</Filter>
    </ClCompile>
    <ClCompile Include="MouseCtl.cpp">
      <Filter>cpp</Filter>
    </ClCompile>
    <ClCompile Include="DICE1.cpp" />
    <ClCompile Include="DICE2.cpp" />
    <ClCompile Include="DICE3.cpp" />
    <ClCompile Include="DiceBlock.cpp" />
    <ClCompile Include="Dice6.cpp" />
    <ClCompile Include="Dice4.cpp" />
    <ClCompile Include="Dice5.cpp" />
  </ItemGroup>
</Project>